
Microsoft Visual Studio Solution File, Format Version 12.00
# Visual Studio Version 17
VisualStudioVersion = 17.10.34707.107
MinimumVisualStudioVersion = 10.0.40219.1
Project("{FAE04EC0-301F-11D3-BF4B-00C04F79EFBC}") = "XamlErrorForDataTemplate", "XamlErrorForDataTemplate\XamlErrorForDataTemplate.csproj", "{E3406142-41BD-4D19-B89A-E3A1E74A751F}"
EndProject
Global
	GlobalSection(SolutionConfigurationPlatforms) = preSolution
		Debug|Any CPU = Debug|Any CPU
		Release|Any CPU = Release|Any CPU
	EndGlobalSection
	GlobalSection(ProjectConfigurationPlatforms) = postSolution
		{E3406142-41BD-4D19-B89A-E3A1E74A751F}.Debug|Any CPU.ActiveCfg = Debug|Any CPU
		{E3406142-41BD-4D19-B89A-E3A1E74A751F}.Debug|Any CPU.Build.0 = Debug|Any CPU
		{E3406142-41BD-4D19-B89A-E3A1E74A751F}.Debug|Any CPU.Deploy.0 = Debug|Any CPU
		{E3406142-41BD-4D19-B89A-E3A1E74A751F}.Release|Any CPU.ActiveCfg = Release|Any CPU
		{E3406142-41BD-4D19-B89A-E3A1E74A751F}.Release|Any CPU.Build.0 = Release|Any CPU
		{E3406142-41BD-4D19-B89A-E3A1E74A751F}.Release|Any CPU.Deploy.0 = Release|Any CPU
	EndGlobalSection
	GlobalSection(SolutionProperties) = preSolution
		HideSolutionNode = FALSE
	EndGlobalSection
	GlobalSection(ExtensibilityGlobals) = postSolution
		SolutionGuid = {986B6FEB-2D88-4B99-99A8-EF203C6194D9}
	EndGlobalSection
EndGlobal
