Microsoft Visual Studio Solution File, Format Version 12.00
# Visual Studio Version 17
VisualStudioVersion = 17.5.2.0
MinimumVisualStudioVersion = 10.0.40219.1
Project("{FAE04EC0-301F-11D3-BF4B-00C04F79EFBC}") = "CollectionViewItemsSourceNet10Issue", "CollectionViewItemsSourceNet10Issue.csproj", "{AF39B18E-5861-5738-CF75-D4F21AB82CE2}"
EndProject
Global
	GlobalSection(SolutionConfigurationPlatforms) = preSolution
		Debug|Any CPU = Debug|Any CPU
		Release|Any CPU = Release|Any CPU
	EndGlobalSection
	GlobalSection(ProjectConfigurationPlatforms) = postSolution
		{AF39B18E-5861-5738-CF75-D4F21AB82CE2}.Debug|Any CPU.ActiveCfg = Debug|Any CPU
		{AF39B18E-5861-5738-CF75-D4F21AB82CE2}.Debug|Any CPU.Build.0 = Debug|Any CPU
		{AF39B18E-5861-5738-CF75-D4F21AB82CE2}.Release|Any CPU.ActiveCfg = Release|Any CPU
		{AF39B18E-5861-5738-CF75-D4F21AB82CE2}.Release|Any CPU.Build.0 = Release|Any CPU
	EndGlobalSection
	GlobalSection(SolutionProperties) = preSolution
		HideSolutionNode = FALSE
	EndGlobalSection
	GlobalSection(ExtensibilityGlobals) = postSolution
		SolutionGuid = {1F6DCEEA-12AB-415D-BB06-CC2C96CAC0EE}
	EndGlobalSection
EndGlobal
