
Microsoft Visual Studio Solution File, Format Version 12.00
# Visual Studio Version 17
VisualStudioVersion = 17.8.34322.80
MinimumVisualStudioVersion = 10.0.40219.1
Project("{FAE04EC0-301F-11D3-BF4B-00C04F79EFBC}") = "UnpackackedFontsTest_Issue19061", "UnpackackedFontsTest_Issue19061\UnpackackedFontsTest_Issue19061.csproj", "{A376EACD-127F-467E-BA36-B9D0ECBAB11F}"
EndProject
Global
	GlobalSection(SolutionConfigurationPlatforms) = preSolution
		Debug|Any CPU = Debug|Any CPU
		Release|Any CPU = Release|Any CPU
	EndGlobalSection
	GlobalSection(ProjectConfigurationPlatforms) = postSolution
		{A376EACD-127F-467E-BA36-B9D0ECBAB11F}.Debug|Any CPU.ActiveCfg = Debug|Any CPU
		{A376EACD-127F-467E-BA36-B9D0ECBAB11F}.Debug|Any CPU.Build.0 = Debug|Any CPU
		{A376EACD-127F-467E-BA36-B9D0ECBAB11F}.Debug|Any CPU.Deploy.0 = Debug|Any CPU
		{A376EACD-127F-467E-BA36-B9D0ECBAB11F}.Release|Any CPU.ActiveCfg = Release|Any CPU
		{A376EACD-127F-467E-BA36-B9D0ECBAB11F}.Release|Any CPU.Build.0 = Release|Any CPU
		{A376EACD-127F-467E-BA36-B9D0ECBAB11F}.Release|Any CPU.Deploy.0 = Release|Any CPU
	EndGlobalSection
	GlobalSection(SolutionProperties) = preSolution
		HideSolutionNode = FALSE
	EndGlobalSection
	GlobalSection(ExtensibilityGlobals) = postSolution
		SolutionGuid = {E6DA9DF0-4DED-45DD-9FFD-DB15D0C89427}
	EndGlobalSection
EndGlobal
