
Microsoft Visual Studio Solution File, Format Version 12.00
# Visual Studio Version 17
VisualStudioVersion = 17.8.34322.80
MinimumVisualStudioVersion = 10.0.40219.1
Project("{FAE04EC0-301F-11D3-BF4B-00C04F79EFBC}") = "MauiApp1", "MauiApp1\MauiApp1.csproj", "{327972DC-FE13-463E-903D-F1FE29AECC0F}"
EndProject
Global
	GlobalSection(SolutionConfigurationPlatforms) = preSolution
		Debug|Any CPU = Debug|Any CPU
		Release|Any CPU = Release|Any CPU
	EndGlobalSection
	GlobalSection(ProjectConfigurationPlatforms) = postSolution
		{327972DC-FE13-463E-903D-F1FE29AECC0F}.Debug|Any CPU.ActiveCfg = Debug|Any CPU
		{327972DC-FE13-463E-903D-F1FE29AECC0F}.Debug|Any CPU.Build.0 = Debug|Any CPU
		{327972DC-FE13-463E-903D-F1FE29AECC0F}.Debug|Any CPU.Deploy.0 = Debug|Any CPU
		{327972DC-FE13-463E-903D-F1FE29AECC0F}.Release|Any CPU.ActiveCfg = Release|Any CPU
		{327972DC-FE13-463E-903D-F1FE29AECC0F}.Release|Any CPU.Build.0 = Release|Any CPU
		{327972DC-FE13-463E-903D-F1FE29AECC0F}.Release|Any CPU.Deploy.0 = Release|Any CPU
	EndGlobalSection
	GlobalSection(SolutionProperties) = preSolution
		HideSolutionNode = FALSE
	EndGlobalSection
	GlobalSection(ExtensibilityGlobals) = postSolution
		SolutionGuid = {73C018AB-8668-4DFA-848F-291924C1565B}
	EndGlobalSection
EndGlobal
