
Microsoft Visual Studio Solution File, Format Version 12.00
# Visual Studio Version 17
VisualStudioVersion = 17.5.002.0
MinimumVisualStudioVersion = 10.0.40219.1
Project("{9A19103F-16F7-4668-BE54-9A1E7A4F7556}") = "Net9Preview5SkiaRepo", "Net9Preview5SkiaRepo.csproj", "{08BE3C8C-DD1E-46DC-9982-57FDEC79EC74}"
EndProject
Global
	GlobalSection(SolutionConfigurationPlatforms) = preSolution
		Debug|Any CPU = Debug|Any CPU
		Release|Any CPU = Release|Any CPU
	EndGlobalSection
	GlobalSection(ProjectConfigurationPlatforms) = postSolution
		{08BE3C8C-DD1E-46DC-9982-57FDEC79EC74}.Debug|Any CPU.ActiveCfg = Debug|Any CPU
		{08BE3C8C-DD1E-46DC-9982-57FDEC79EC74}.Debug|Any CPU.Build.0 = Debug|Any CPU
		{08BE3C8C-DD1E-46DC-9982-57FDEC79EC74}.Release|Any CPU.ActiveCfg = Release|Any CPU
		{08BE3C8C-DD1E-46DC-9982-57FDEC79EC74}.Release|Any CPU.Build.0 = Release|Any CPU
	EndGlobalSection
	GlobalSection(SolutionProperties) = preSolution
		HideSolutionNode = FALSE
	EndGlobalSection
	GlobalSection(ExtensibilityGlobals) = postSolution
		SolutionGuid = {0900B7EC-EEF7-4CE8-8E41-BE480F5727D4}
	EndGlobalSection
EndGlobal
