
Microsoft Visual Studio Solution File, Format Version 12.00
# Visual Studio Version 17
VisualStudioVersion = 17.13.35507.96 d17.13
MinimumVisualStudioVersion = 10.0.40219.1
Project("{FAE04EC0-301F-11D3-BF4B-00C04F79EFBC}") = "GridRowsShortSyntax", "GridRowsShortSyntax\GridRowsShortSyntax.csproj", "{0B2DC80D-0757-41B9-8371-29942AA1F2BE}"
EndProject
Global
	GlobalSection(SolutionConfigurationPlatforms) = preSolution
		Debug|Any CPU = Debug|Any CPU
		Release|Any CPU = Release|Any CPU
	EndGlobalSection
	GlobalSection(ProjectConfigurationPlatforms) = postSolution
		{0B2DC80D-0757-41B9-8371-29942AA1F2BE}.Debug|Any CPU.ActiveCfg = Debug|Any CPU
		{0B2DC80D-0757-41B9-8371-29942AA1F2BE}.Debug|Any CPU.Build.0 = Debug|Any CPU
		{0B2DC80D-0757-41B9-8371-29942AA1F2BE}.Debug|Any CPU.Deploy.0 = Debug|Any CPU
		{0B2DC80D-0757-41B9-8371-29942AA1F2BE}.Release|Any CPU.ActiveCfg = Release|Any CPU
		{0B2DC80D-0757-41B9-8371-29942AA1F2BE}.Release|Any CPU.Build.0 = Release|Any CPU
		{0B2DC80D-0757-41B9-8371-29942AA1F2BE}.Release|Any CPU.Deploy.0 = Release|Any CPU
	EndGlobalSection
	GlobalSection(SolutionProperties) = preSolution
		HideSolutionNode = FALSE
	EndGlobalSection
	GlobalSection(ExtensibilityGlobals) = postSolution
		SolutionGuid = {0777C461-ECE7-4021-9863-617A509DC885}
	EndGlobalSection
EndGlobal
