
Microsoft Visual Studio Solution File, Format Version 12.00
# Visual Studio Version 17
VisualStudioVersion = 17.8.34004.107
MinimumVisualStudioVersion = 10.0.40219.1
Project("{FAE04EC0-301F-11D3-BF4B-00C04F79EFBC}") = "MauiApp12", "MauiApp12\MauiApp12.csproj", "{066FF56C-325A-4A2A-9D8D-D5BB43E0D055}"
EndProject
Global
	GlobalSection(SolutionConfigurationPlatforms) = preSolution
		Debug|Any CPU = Debug|Any CPU
		Release|Any CPU = Release|Any CPU
	EndGlobalSection
	GlobalSection(ProjectConfigurationPlatforms) = postSolution
		{066FF56C-325A-4A2A-9D8D-D5BB43E0D055}.Debug|Any CPU.ActiveCfg = Debug|Any CPU
		{066FF56C-325A-4A2A-9D8D-D5BB43E0D055}.Debug|Any CPU.Build.0 = Debug|Any CPU
		{066FF56C-325A-4A2A-9D8D-D5BB43E0D055}.Debug|Any CPU.Deploy.0 = Debug|Any CPU
		{066FF56C-325A-4A2A-9D8D-D5BB43E0D055}.Release|Any CPU.ActiveCfg = Release|Any CPU
		{066FF56C-325A-4A2A-9D8D-D5BB43E0D055}.Release|Any CPU.Build.0 = Release|Any CPU
		{066FF56C-325A-4A2A-9D8D-D5BB43E0D055}.Release|Any CPU.Deploy.0 = Release|Any CPU
	EndGlobalSection
	GlobalSection(SolutionProperties) = preSolution
		HideSolutionNode = FALSE
	EndGlobalSection
	GlobalSection(ExtensibilityGlobals) = postSolution
		SolutionGuid = {0C3BB96B-8696-40F8-AD74-4055B41739A9}
	EndGlobalSection
EndGlobal
