
Microsoft Visual Studio Solution File, Format Version 12.00
# Visual Studio Version 17
VisualStudioVersion = 17.14.36327.8 d17.14
MinimumVisualStudioVersion = 10.0.40219.1
Project("{FAE04EC0-301F-11D3-BF4B-00C04F79EFBC}") = "MauiApp5", "MauiApp5\MauiApp5.csproj", "{C324BC3F-E97B-4EE2-828B-77E9FCD7B22D}"
EndProject
Global
	GlobalSection(SolutionConfigurationPlatforms) = preSolution
		Debug|Any CPU = Debug|Any CPU
		Release|Any CPU = Release|Any CPU
	EndGlobalSection
	GlobalSection(ProjectConfigurationPlatforms) = postSolution
		{C324BC3F-E97B-4EE2-828B-77E9FCD7B22D}.Debug|Any CPU.ActiveCfg = Debug|Any CPU
		{C324BC3F-E97B-4EE2-828B-77E9FCD7B22D}.Debug|Any CPU.Build.0 = Debug|Any CPU
		{C324BC3F-E97B-4EE2-828B-77E9FCD7B22D}.Release|Any CPU.ActiveCfg = Release|Any CPU
		{C324BC3F-E97B-4EE2-828B-77E9FCD7B22D}.Release|Any CPU.Build.0 = Release|Any CPU
	EndGlobalSection
	GlobalSection(SolutionProperties) = preSolution
		HideSolutionNode = FALSE
	EndGlobalSection
	GlobalSection(ExtensibilityGlobals) = postSolution
		SolutionGuid = {0424BFCD-EF22-444C-91C6-463B5823A394}
	EndGlobalSection
EndGlobal
