
Microsoft Visual Studio Solution File, Format Version 12.00
# Visual Studio Version 17
VisualStudioVersion = 17.0.31903.59
MinimumVisualStudioVersion = 10.0.40219.1
Project("{FAE04EC0-301F-11D3-BF4B-00C04F79EFBC}") = "UserApp", "UserApp\UserApp.csproj", "{73A12154-91DF-4622-995E-9CF9D162062C}"
EndProject
Project("{FAE04EC0-301F-11D3-BF4B-00C04F79EFBC}") = "VendorControls", "VendorControls\VendorControls.csproj", "{5D105D10-E203-4BF2-A437-0405AD5909D3}"
EndProject
Global
	GlobalSection(SolutionConfigurationPlatforms) = preSolution
		Debug|Any CPU = Debug|Any CPU
		Release|Any CPU = Release|Any CPU
	EndGlobalSection
	GlobalSection(ProjectConfigurationPlatforms) = postSolution
		{73A12154-91DF-4622-995E-9CF9D162062C}.Debug|Any CPU.ActiveCfg = Debug|Any CPU
		{73A12154-91DF-4622-995E-9CF9D162062C}.Debug|Any CPU.Build.0 = Debug|Any CPU
		{73A12154-91DF-4622-995E-9CF9D162062C}.Release|Any CPU.ActiveCfg = Release|Any CPU
		{73A12154-91DF-4622-995E-9CF9D162062C}.Release|Any CPU.Build.0 = Release|Any CPU
		{5D105D10-E203-4BF2-A437-0405AD5909D3}.Debug|Any CPU.ActiveCfg = Debug|Any CPU
		{5D105D10-E203-4BF2-A437-0405AD5909D3}.Debug|Any CPU.Build.0 = Debug|Any CPU
		{5D105D10-E203-4BF2-A437-0405AD5909D3}.Release|Any CPU.ActiveCfg = Release|Any CPU
		{5D105D10-E203-4BF2-A437-0405AD5909D3}.Release|Any CPU.Build.0 = Release|Any CPU
	EndGlobalSection
	GlobalSection(SolutionProperties) = preSolution
		HideSolutionNode = FALSE
	EndGlobalSection
EndGlobal
