
Microsoft Visual Studio Solution File, Format Version 12.00
# Visual Studio Version 17
VisualStudioVersion = 17.5.002.0
MinimumVisualStudioVersion = 10.0.40219.1
Project("{9A19103F-16F7-4668-BE54-9A1E7A4F7556}") = "VSLIssue", "VSLIssue.csproj", "{4BA5357A-E882-4E5C-8BF7-3C55CD892D31}"
EndProject
Global
	GlobalSection(SolutionConfigurationPlatforms) = preSolution
		Debug|Any CPU = Debug|Any CPU
		Release|Any CPU = Release|Any CPU
	EndGlobalSection
	GlobalSection(ProjectConfigurationPlatforms) = postSolution
		{4BA5357A-E882-4E5C-8BF7-3C55CD892D31}.Debug|Any CPU.ActiveCfg = Debug|Any CPU
		{4BA5357A-E882-4E5C-8BF7-3C55CD892D31}.Debug|Any CPU.Build.0 = Debug|Any CPU
		{4BA5357A-E882-4E5C-8BF7-3C55CD892D31}.Debug|Any CPU.Deploy.0 = Debug|Any CPU
		{4BA5357A-E882-4E5C-8BF7-3C55CD892D31}.Release|Any CPU.ActiveCfg = Release|Any CPU
		{4BA5357A-E882-4E5C-8BF7-3C55CD892D31}.Release|Any CPU.Build.0 = Release|Any CPU
	EndGlobalSection
	GlobalSection(SolutionProperties) = preSolution
		HideSolutionNode = FALSE
	EndGlobalSection
	GlobalSection(ExtensibilityGlobals) = postSolution
		SolutionGuid = {127A30CC-C54B-472C-9C73-0A67BD67F3FE}
	EndGlobalSection
EndGlobal
