
Microsoft Visual Studio Solution File, Format Version 12.00
# Visual Studio Version 17
VisualStudioVersion = 17.12.35309.182
MinimumVisualStudioVersion = 10.0.40219.1
Project("{FAE04EC0-301F-11D3-BF4B-00C04F79EFBC}") = "MauiApp5", "MauiApp5\MauiApp5.csproj", "{7A4D94AB-998E-42C1-A6C8-D0D1FCBCFBF3}"
EndProject
Global
	GlobalSection(SolutionConfigurationPlatforms) = preSolution
		Debug|Any CPU = Debug|Any CPU
		Release|Any CPU = Release|Any CPU
	EndGlobalSection
	GlobalSection(ProjectConfigurationPlatforms) = postSolution
		{7A4D94AB-998E-42C1-A6C8-D0D1FCBCFBF3}.Debug|Any CPU.ActiveCfg = Debug|Any CPU
		{7A4D94AB-998E-42C1-A6C8-D0D1FCBCFBF3}.Debug|Any CPU.Build.0 = Debug|Any CPU
		{7A4D94AB-998E-42C1-A6C8-D0D1FCBCFBF3}.Debug|Any CPU.Deploy.0 = Debug|Any CPU
		{7A4D94AB-998E-42C1-A6C8-D0D1FCBCFBF3}.Release|Any CPU.ActiveCfg = Release|Any CPU
		{7A4D94AB-998E-42C1-A6C8-D0D1FCBCFBF3}.Release|Any CPU.Build.0 = Release|Any CPU
		{7A4D94AB-998E-42C1-A6C8-D0D1FCBCFBF3}.Release|Any CPU.Deploy.0 = Release|Any CPU
	EndGlobalSection
	GlobalSection(SolutionProperties) = preSolution
		HideSolutionNode = FALSE
	EndGlobalSection
	GlobalSection(ExtensibilityGlobals) = postSolution
		SolutionGuid = {E21386D6-D2A7-4B59-8BD6-3067A6C65583}
	EndGlobalSection
EndGlobal
